
Microsoft Visual Studio Solution File, Format Version 12.00
# Visual Studio 2012
Project("{FAE04EC0-301F-11D3-BF4B-00C04F79EFBC}") = "SESIOR.SPA", "SESIOR.SPA\SESIOR.SPA.csproj", "{4E621C83-4FC9-463B-90E7-AC0A12F8A24F}"
EndProject
Project("{FAE04EC0-301F-11D3-BF4B-00C04F79EFBC}") = "SESIOR.Node", "SESIOR.Node\SESIOR.Node.csproj", "{ED6C5E50-5214-48B3-8C6A-FF48679F60B0}"
EndProject
Global
	GlobalSection(SolutionConfigurationPlatforms) = preSolution
		Debug|Any CPU = Debug|Any CPU
		Release|Any CPU = Release|Any CPU
	EndGlobalSection
	GlobalSection(ProjectConfigurationPlatforms) = postSolution
		{4E621C83-4FC9-463B-90E7-AC0A12F8A24F}.Debug|Any CPU.ActiveCfg = Debug|Any CPU
		{4E621C83-4FC9-463B-90E7-AC0A12F8A24F}.Debug|Any CPU.Build.0 = Debug|Any CPU
		{4E621C83-4FC9-463B-90E7-AC0A12F8A24F}.Release|Any CPU.ActiveCfg = Release|Any CPU
		{4E621C83-4FC9-463B-90E7-AC0A12F8A24F}.Release|Any CPU.Build.0 = Release|Any CPU
		{ED6C5E50-5214-48B3-8C6A-FF48679F60B0}.Debug|Any CPU.ActiveCfg = Debug|Any CPU
		{ED6C5E50-5214-48B3-8C6A-FF48679F60B0}.Debug|Any CPU.Build.0 = Debug|Any CPU
		{ED6C5E50-5214-48B3-8C6A-FF48679F60B0}.Release|Any CPU.ActiveCfg = Release|Any CPU
		{ED6C5E50-5214-48B3-8C6A-FF48679F60B0}.Release|Any CPU.Build.0 = Release|Any CPU
	EndGlobalSection
	GlobalSection(SolutionProperties) = preSolution
		HideSolutionNode = FALSE
	EndGlobalSection
EndGlobal
